
Microsoft Visual Studio Solution File, Format Version 12.00
# Visual Studio Version 16
VisualStudioVersion = 16.0.31624.102
MinimumVisualStudioVersion = 10.0.40219.1
Project("{FAE04EC0-301F-11D3-BF4B-00C04F79EFBC}") = "average temperature", "average temperature\average temperature.csproj", "{AA768791-6EF2-4CA2-B197-DB963CD36C3A}"
EndProject
Global
	GlobalSection(SolutionConfigurationPlatforms) = preSolution
		Debug|Any CPU = Debug|Any CPU
		Release|Any CPU = Release|Any CPU
	EndGlobalSection
	GlobalSection(ProjectConfigurationPlatforms) = postSolution
		{AA768791-6EF2-4CA2-B197-DB963CD36C3A}.Debug|Any CPU.ActiveCfg = Debug|Any CPU
		{AA768791-6EF2-4CA2-B197-DB963CD36C3A}.Debug|Any CPU.Build.0 = Debug|Any CPU
		{AA768791-6EF2-4CA2-B197-DB963CD36C3A}.Release|Any CPU.ActiveCfg = Release|Any CPU
		{AA768791-6EF2-4CA2-B197-DB963CD36C3A}.Release|Any CPU.Build.0 = Release|Any CPU
	EndGlobalSection
	GlobalSection(SolutionProperties) = preSolution
		HideSolutionNode = FALSE
	EndGlobalSection
	GlobalSection(ExtensibilityGlobals) = postSolution
		SolutionGuid = {922E4D43-4CDA-401E-92A5-0B2C391AC115}
	EndGlobalSection
EndGlobal
